
Microsoft Visual Studio Solution File, Format Version 12.00
# Visual Studio Version 16
VisualStudioVersion = 16.0.810.16
MinimumVisualStudioVersion = 10.0.40219.1
Project("{FAE04EC0-301F-11D3-BF4B-00C04F79EFBC}") = "Comfy_SpecFlow", "Comfy_SpecFlow\Comfy_SpecFlow.csproj", "{B0980097-C1A2-40B3-ABA4-5AE5BBCB9EA5}"
EndProject
Global
	GlobalSection(SolutionConfigurationPlatforms) = preSolution
		Debug|Any CPU = Debug|Any CPU
		Release|Any CPU = Release|Any CPU
	EndGlobalSection
	GlobalSection(ProjectConfigurationPlatforms) = postSolution
		{B0980097-C1A2-40B3-ABA4-5AE5BBCB9EA5}.Debug|Any CPU.ActiveCfg = Debug|Any CPU
		{B0980097-C1A2-40B3-ABA4-5AE5BBCB9EA5}.Debug|Any CPU.Build.0 = Debug|Any CPU
		{B0980097-C1A2-40B3-ABA4-5AE5BBCB9EA5}.Release|Any CPU.ActiveCfg = Release|Any CPU
		{B0980097-C1A2-40B3-ABA4-5AE5BBCB9EA5}.Release|Any CPU.Build.0 = Release|Any CPU
	EndGlobalSection
	GlobalSection(SolutionProperties) = preSolution
		HideSolutionNode = FALSE
	EndGlobalSection
	GlobalSection(ExtensibilityGlobals) = postSolution
		SolutionGuid = {0901339D-D0C1-4895-905E-D42C266681B7}
	EndGlobalSection
EndGlobal
